# Code generated by scarb DO NOT EDIT.
version = 1

[[package]]
name = "contracts"
version = "0.1.0"
dependencies = [
 "ekubo",
 "openzeppelin",
]

[[package]]
name = "ekubo"
version = "0.1.0"
source = "git+https://github.com/EkuboProtocol/abis#cccac030c7e66e0cb986fab9989d98e59c3a7436"

[[package]]
name = "openzeppelin"
version = "0.11.0"
source = "git+https://github.com/OpenZeppelin/cairo-contracts.git?tag=v0.11.0#a83f36b23f1af6e160288962be4a2701c3ecbcda"
